// !$*UTF8*$!
{
	archiveVersion = 1;
	classes = {
	};
	objectVersion = 50;
	objects = {

/* Begin PBXBuildFile section */
		1D0D6245264BA6CA00875A98 /* SideBarView.swift in Sources */ = {isa = PBXBuildFile; fileRef = 1D20C189264B934600554B79 /* SideBarView.swift */; };
		1D20C16E264B134300554B79 /* CrossPlatformApp.swift in Sources */ = {isa = PBXBuildFile; fileRef = 1D20C15B264B134200554B79 /* CrossPlatformApp.swift */; };
		1D20C16F264B134300554B79 /* CrossPlatformApp.swift in Sources */ = {isa = PBXBuildFile; fileRef = 1D20C15B264B134200554B79 /* CrossPlatformApp.swift */; };
		1D20C170264B134300554B79 /* ContentView.swift in Sources */ = {isa = PBXBuildFile; fileRef = 1D20C15C264B134200554B79 /* ContentView.swift */; };
		1D20C171264B134300554B79 /* ContentView.swift in Sources */ = {isa = PBXBuildFile; fileRef = 1D20C15C264B134200554B79 /* ContentView.swift */; };
		1D20C172264B134300554B79 /* Assets.xcassets in Resources */ = {isa = PBXBuildFile; fileRef = 1D20C15D264B134300554B79 /* Assets.xcassets */; };
		1D20C173264B134300554B79 /* Assets.xcassets in Resources */ = {isa = PBXBuildFile; fileRef = 1D20C15D264B134300554B79 /* Assets.xcassets */; };
		1D20C17E264B139100554B79 /* Article.swift in Sources */ = {isa = PBXBuildFile; fileRef = 1D20C17D264B139100554B79 /* Article.swift */; };
		1D20C17F264B139100554B79 /* Article.swift in Sources */ = {isa = PBXBuildFile; fileRef = 1D20C17D264B139100554B79 /* Article.swift */; };
		1D20C182264B14E200554B79 /* ArticleView.swift in Sources */ = {isa = PBXBuildFile; fileRef = 1D20C181264B14E200554B79 /* ArticleView.swift */; };
		1D20C183264B14E200554B79 /* ArticleView.swift in Sources */ = {isa = PBXBuildFile; fileRef = 1D20C181264B14E200554B79 /* ArticleView.swift */; };
		1D20C185264B156900554B79 /* ArticlesListView.swift in Sources */ = {isa = PBXBuildFile; fileRef = 1D20C184264B156900554B79 /* ArticlesListView.swift */; };
		1D20C186264B156900554B79 /* ArticlesListView.swift in Sources */ = {isa = PBXBuildFile; fileRef = 1D20C184264B156900554B79 /* ArticlesListView.swift */; };
		1D20C188264B18D600554B79 /* TabBarView.swift in Sources */ = {isa = PBXBuildFile; fileRef = 1D20C187264B18D600554B79 /* TabBarView.swift */; };
		1D20C18A264B934600554B79 /* SideBarView.swift in Sources */ = {isa = PBXBuildFile; fileRef = 1D20C189264B934600554B79 /* SideBarView.swift */; };
		1D20C190264BA35900554B79 /* Assets.xcassets in Resources */ = {isa = PBXBuildFile; fileRef = 1D20C18F264BA35900554B79 /* Assets.xcassets */; };
		1D20C197264BA35900554B79 /* WatchOSCrossPlatform Extension.appex in Embed App Extensions */ = {isa = PBXBuildFile; fileRef = 1D20C196264BA35900554B79 /* WatchOSCrossPlatform Extension.appex */; settings = {ATTRIBUTES = (RemoveHeadersOnCopy, ); }; };
		1D20C19C264BA35900554B79 /* CrossPlatformApp.swift in Sources */ = {isa = PBXBuildFile; fileRef = 1D20C19B264BA35900554B79 /* CrossPlatformApp.swift */; };
		1D20C19E264BA35900554B79 /* ContentView.swift in Sources */ = {isa = PBXBuildFile; fileRef = 1D20C19D264BA35900554B79 /* ContentView.swift */; };
		1D20C1A0264BA35900554B79 /* NotificationController.swift in Sources */ = {isa = PBXBuildFile; fileRef = 1D20C19F264BA35900554B79 /* NotificationController.swift */; };
		1D20C1A2264BA35900554B79 /* NotificationView.swift in Sources */ = {isa = PBXBuildFile; fileRef = 1D20C1A1264BA35900554B79 /* NotificationView.swift */; };
		1D20C1A4264BA35900554B79 /* ComplicationController.swift in Sources */ = {isa = PBXBuildFile; fileRef = 1D20C1A3264BA35900554B79 /* ComplicationController.swift */; };
		1D20C1A6264BA35A00554B79 /* Assets.xcassets in Resources */ = {isa = PBXBuildFile; fileRef = 1D20C1A5264BA35A00554B79 /* Assets.xcassets */; };
		1D20C1A9264BA35A00554B79 /* Preview Assets.xcassets in Resources */ = {isa = PBXBuildFile; fileRef = 1D20C1A8264BA35A00554B79 /* Preview Assets.xcassets */; };
		1D20C1AE264BA35A00554B79 /* WatchOSCrossPlatform.app in Embed Watch Content */ = {isa = PBXBuildFile; fileRef = 1D20C18D264BA35600554B79 /* WatchOSCrossPlatform.app */; settings = {ATTRIBUTES = (RemoveHeadersOnCopy, ); }; };
		1D20C1BD264BA59B00554B79 /* ArticleView.swift in Sources */ = {isa = PBXBuildFile; fileRef = 1D20C181264B14E200554B79 /* ArticleView.swift */; };
		1D20C1BE264BA5A100554B79 /* ArticlesListView.swift in Sources */ = {isa = PBXBuildFile; fileRef = 1D20C184264B156900554B79 /* ArticlesListView.swift */; };
		1D20C1BF264BA5A600554B79 /* Article.swift in Sources */ = {isa = PBXBuildFile; fileRef = 1D20C17D264B139100554B79 /* Article.swift */; };
		1D20C1C0264BA61500554B79 /* TabBarView.swift in Sources */ = {isa = PBXBuildFile; fileRef = 1D20C187264B18D600554B79 /* TabBarView.swift */; };
/* End PBXBuildFile section */

/* Begin PBXContainerItemProxy section */
		1D20C198264BA35900554B79 /* PBXContainerItemProxy */ = {
			isa = PBXContainerItemProxy;
			containerPortal = 1D20C156264B134200554B79 /* Project object */;
			proxyType = 1;
			remoteGlobalIDString = 1D20C195264BA35900554B79;
			remoteInfo = "WatchOSCrossPlatform Extension";
		};
		1D20C1AC264BA35A00554B79 /* PBXContainerItemProxy */ = {
			isa = PBXContainerItemProxy;
			containerPortal = 1D20C156264B134200554B79 /* Project object */;
			proxyType = 1;
			remoteGlobalIDString = 1D20C18C264BA35600554B79;
			remoteInfo = WatchOSCrossPlatform;
		};
/* End PBXContainerItemProxy section */

/* Begin PBXCopyFilesBuildPhase section */
		1D20C1B2264BA35A00554B79 /* Embed App Extensions */ = {
			isa = PBXCopyFilesBuildPhase;
			buildActionMask = 2147483647;
			dstPath = "";
			dstSubfolderSpec = 13;
			files = (
				1D20C197264BA35900554B79 /* WatchOSCrossPlatform Extension.appex in Embed App Extensions */,
			);
			name = "Embed App Extensions";
			runOnlyForDeploymentPostprocessing = 0;
		};
		1D20C1B6264BA35A00554B79 /* Embed Watch Content */ = {
			isa = PBXCopyFilesBuildPhase;
			buildActionMask = 2147483647;
			dstPath = "$(CONTENTS_FOLDER_PATH)/Watch";
			dstSubfolderSpec = 16;
			files = (
				1D20C1AE264BA35A00554B79 /* WatchOSCrossPlatform.app in Embed Watch Content */,
			);
			name = "Embed Watch Content";
			runOnlyForDeploymentPostprocessing = 0;
		};
/* End PBXCopyFilesBuildPhase section */

/* Begin PBXFileReference section */
		1D20C15B264B134200554B79 /* CrossPlatformApp.swift */ = {isa = PBXFileReference; lastKnownFileType = sourcecode.swift; path = CrossPlatformApp.swift; sourceTree = "<group>"; };
		1D20C15C264B134200554B79 /* ContentView.swift */ = {isa = PBXFileReference; lastKnownFileType = sourcecode.swift; path = ContentView.swift; sourceTree = "<group>"; };
		1D20C15D264B134300554B79 /* Assets.xcassets */ = {isa = PBXFileReference; lastKnownFileType = folder.assetcatalog; path = Assets.xcassets; sourceTree = "<group>"; };
		1D20C162264B134300554B79 /* CrossPlatform.app */ = {isa = PBXFileReference; explicitFileType = wrapper.application; includeInIndex = 0; path = CrossPlatform.app; sourceTree = BUILT_PRODUCTS_DIR; };
		1D20C165264B134300554B79 /* Info.plist */ = {isa = PBXFileReference; lastKnownFileType = text.plist.xml; path = Info.plist; sourceTree = "<group>"; };
		1D20C16A264B134300554B79 /* CrossPlatform.app */ = {isa = PBXFileReference; explicitFileType = wrapper.application; includeInIndex = 0; path = CrossPlatform.app; sourceTree = BUILT_PRODUCTS_DIR; };
		1D20C16C264B134300554B79 /* Info.plist */ = {isa = PBXFileReference; lastKnownFileType = text.plist.xml; path = Info.plist; sourceTree = "<group>"; };
		1D20C16D264B134300554B79 /* macOS.entitlements */ = {isa = PBXFileReference; lastKnownFileType = text.plist.entitlements; path = macOS.entitlements; sourceTree = "<group>"; };
		1D20C17D264B139100554B79 /* Article.swift */ = {isa = PBXFileReference; lastKnownFileType = sourcecode.swift; path = Article.swift; sourceTree = "<group>"; };
		1D20C181264B14E200554B79 /* ArticleView.swift */ = {isa = PBXFileReference; lastKnownFileType = sourcecode.swift; path = ArticleView.swift; sourceTree = "<group>"; };
		1D20C184264B156900554B79 /* ArticlesListView.swift */ = {isa = PBXFileReference; lastKnownFileType = sourcecode.swift; path = ArticlesListView.swift; sourceTree = "<group>"; };
		1D20C187264B18D600554B79 /* TabBarView.swift */ = {isa = PBXFileReference; lastKnownFileType = sourcecode.swift; path = TabBarView.swift; sourceTree = "<group>"; };
		1D20C189264B934600554B79 /* SideBarView.swift */ = {isa = PBXFileReference; lastKnownFileType = sourcecode.swift; path = SideBarView.swift; sourceTree = "<group>"; };
		1D20C18D264BA35600554B79 /* WatchOSCrossPlatform.app */ = {isa = PBXFileReference; explicitFileType = wrapper.application; includeInIndex = 0; path = WatchOSCrossPlatform.app; sourceTree = BUILT_PRODUCTS_DIR; };
		1D20C18F264BA35900554B79 /* Assets.xcassets */ = {isa = PBXFileReference; lastKnownFileType = folder.assetcatalog; path = Assets.xcassets; sourceTree = "<group>"; };
		1D20C191264BA35900554B79 /* Info.plist */ = {isa = PBXFileReference; lastKnownFileType = text.plist.xml; path = Info.plist; sourceTree = "<group>"; };
		1D20C196264BA35900554B79 /* WatchOSCrossPlatform Extension.appex */ = {isa = PBXFileReference; explicitFileType = "wrapper.app-extension"; includeInIndex = 0; path = "WatchOSCrossPlatform Extension.appex"; sourceTree = BUILT_PRODUCTS_DIR; };
		1D20C19B264BA35900554B79 /* CrossPlatformApp.swift */ = {isa = PBXFileReference; lastKnownFileType = sourcecode.swift; path = CrossPlatformApp.swift; sourceTree = "<group>"; };
		1D20C19D264BA35900554B79 /* ContentView.swift */ = {isa = PBXFileReference; lastKnownFileType = sourcecode.swift; path = ContentView.swift; sourceTree = "<group>"; };
		1D20C19F264BA35900554B79 /* NotificationController.swift */ = {isa = PBXFileReference; lastKnownFileType = sourcecode.swift; path = NotificationController.swift; sourceTree = "<group>"; };
		1D20C1A1264BA35900554B79 /* NotificationView.swift */ = {isa = PBXFileReference; lastKnownFileType = sourcecode.swift; path = NotificationView.swift; sourceTree = "<group>"; };
		1D20C1A3264BA35900554B79 /* ComplicationController.swift */ = {isa = PBXFileReference; lastKnownFileType = sourcecode.swift; path = ComplicationController.swift; sourceTree = "<group>"; };
		1D20C1A5264BA35A00554B79 /* Assets.xcassets */ = {isa = PBXFileReference; lastKnownFileType = folder.assetcatalog; path = Assets.xcassets; sourceTree = "<group>"; };
		1D20C1A8264BA35A00554B79 /* Preview Assets.xcassets */ = {isa = PBXFileReference; lastKnownFileType = folder.assetcatalog; path = "Preview Assets.xcassets"; sourceTree = "<group>"; };
		1D20C1AA264BA35A00554B79 /* Info.plist */ = {isa = PBXFileReference; lastKnownFileType = text.plist.xml; path = Info.plist; sourceTree = "<group>"; };
		1D20C1AB264BA35A00554B79 /* PushNotificationPayload.apns */ = {isa = PBXFileReference; lastKnownFileType = text; path = PushNotificationPayload.apns; sourceTree = "<group>"; };
/* End PBXFileReference section */

/* Begin PBXFrameworksBuildPhase section */
		1D20C15F264B134300554B79 /* Frameworks */ = {
			isa = PBXFrameworksBuildPhase;
			buildActionMask = 2147483647;
			files = (
			);
			runOnlyForDeploymentPostprocessing = 0;
		};
		1D20C167264B134300554B79 /* Frameworks */ = {
			isa = PBXFrameworksBuildPhase;
			buildActionMask = 2147483647;
			files = (
			);
			runOnlyForDeploymentPostprocessing = 0;
		};
		1D20C193264BA35900554B79 /* Frameworks */ = {
			isa = PBXFrameworksBuildPhase;
			buildActionMask = 2147483647;
			files = (
			);
			runOnlyForDeploymentPostprocessing = 0;
		};
/* End PBXFrameworksBuildPhase section */

/* Begin PBXGroup section */
		1D20C155264B134200554B79 = {
			isa = PBXGroup;
			children = (
				1D20C15A264B134200554B79 /* Shared */,
				1D20C164264B134300554B79 /* iOS */,
				1D20C16B264B134300554B79 /* macOS */,
				1D20C18E264BA35600554B79 /* WatchOSCrossPlatform */,
				1D20C19A264BA35900554B79 /* WatchOSCrossPlatform Extension */,
				1D20C163264B134300554B79 /* Products */,
			);
			sourceTree = "<group>";
		};
		1D20C15A264B134200554B79 /* Shared */ = {
			isa = PBXGroup;
			children = (
				1D20C180264B14CC00554B79 /* Views */,
				1D20C17C264B136200554B79 /* Models */,
				1D20C15B264B134200554B79 /* CrossPlatformApp.swift */,
				1D20C15C264B134200554B79 /* ContentView.swift */,
				1D20C15D264B134300554B79 /* Assets.xcassets */,
			);
			path = Shared;
			sourceTree = "<group>";
		};
		1D20C163264B134300554B79 /* Products */ = {
			isa = PBXGroup;
			children = (
				1D20C162264B134300554B79 /* CrossPlatform.app */,
				1D20C16A264B134300554B79 /* CrossPlatform.app */,
				1D20C18D264BA35600554B79 /* WatchOSCrossPlatform.app */,
				1D20C196264BA35900554B79 /* WatchOSCrossPlatform Extension.appex */,
			);
			name = Products;
			sourceTree = "<group>";
		};
		1D20C164264B134300554B79 /* iOS */ = {
			isa = PBXGroup;
			children = (
				1D20C165264B134300554B79 /* Info.plist */,
				1D20C187264B18D600554B79 /* TabBarView.swift */,
			);
			path = iOS;
			sourceTree = "<group>";
		};
		1D20C16B264B134300554B79 /* macOS */ = {
			isa = PBXGroup;
			children = (
				1D20C16C264B134300554B79 /* Info.plist */,
				1D20C16D264B134300554B79 /* macOS.entitlements */,
				1D20C189264B934600554B79 /* SideBarView.swift */,
			);
			path = macOS;
			sourceTree = "<group>";
		};
		1D20C17C264B136200554B79 /* Models */ = {
			isa = PBXGroup;
			children = (
				1D20C17D264B139100554B79 /* Article.swift */,
			);
			path = Models;
			sourceTree = "<group>";
		};
		1D20C180264B14CC00554B79 /* Views */ = {
			isa = PBXGroup;
			children = (
				1D20C181264B14E200554B79 /* ArticleView.swift */,
				1D20C184264B156900554B79 /* ArticlesListView.swift */,
			);
			path = Views;
			sourceTree = "<group>";
		};
		1D20C18E264BA35600554B79 /* WatchOSCrossPlatform */ = {
			isa = PBXGroup;
			children = (
				1D20C18F264BA35900554B79 /* Assets.xcassets */,
				1D20C191264BA35900554B79 /* Info.plist */,
			);
			path = WatchOSCrossPlatform;
			sourceTree = "<group>";
		};
		1D20C19A264BA35900554B79 /* WatchOSCrossPlatform Extension */ = {
			isa = PBXGroup;
			children = (
				1D20C19B264BA35900554B79 /* CrossPlatformApp.swift */,
				1D20C19D264BA35900554B79 /* ContentView.swift */,
				1D20C19F264BA35900554B79 /* NotificationController.swift */,
				1D20C1A1264BA35900554B79 /* NotificationView.swift */,
				1D20C1A3264BA35900554B79 /* ComplicationController.swift */,
				1D20C1A5264BA35A00554B79 /* Assets.xcassets */,
				1D20C1AA264BA35A00554B79 /* Info.plist */,
				1D20C1AB264BA35A00554B79 /* PushNotificationPayload.apns */,
				1D20C1A7264BA35A00554B79 /* Preview Content */,
			);
			path = "WatchOSCrossPlatform Extension";
			sourceTree = "<group>";
		};
		1D20C1A7264BA35A00554B79 /* Preview Content */ = {
			isa = PBXGroup;
			children = (
				1D20C1A8264BA35A00554B79 /* Preview Assets.xcassets */,
			);
			path = "Preview Content";
			sourceTree = "<group>";
		};
/* End PBXGroup section */

/* Begin PBXNativeTarget section */
		1D20C161264B134300554B79 /* CrossPlatform (iOS) */ = {
			isa = PBXNativeTarget;
			buildConfigurationList = 1D20C176264B134300554B79 /* Build configuration list for PBXNativeTarget "CrossPlatform (iOS)" */;
			buildPhases = (
				1D20C15E264B134300554B79 /* Sources */,
				1D20C15F264B134300554B79 /* Frameworks */,
				1D20C160264B134300554B79 /* Resources */,
				1D20C1B6264BA35A00554B79 /* Embed Watch Content */,
			);
			buildRules = (
			);
			dependencies = (
				1D20C1AD264BA35A00554B79 /* PBXTargetDependency */,
			);
			name = "CrossPlatform (iOS)";
			productName = "CrossPlatform (iOS)";
			productReference = 1D20C162264B134300554B79 /* CrossPlatform.app */;
			productType = "com.apple.product-type.application";
		};
		1D20C169264B134300554B79 /* CrossPlatform (macOS) */ = {
			isa = PBXNativeTarget;
			buildConfigurationList = 1D20C179264B134300554B79 /* Build configuration list for PBXNativeTarget "CrossPlatform (macOS)" */;
			buildPhases = (
				1D20C166264B134300554B79 /* Sources */,
				1D20C167264B134300554B79 /* Frameworks */,
				1D20C168264B134300554B79 /* Resources */,
			);
			buildRules = (
			);
			dependencies = (
			);
			name = "CrossPlatform (macOS)";
			productName = "CrossPlatform (macOS)";
			productReference = 1D20C16A264B134300554B79 /* CrossPlatform.app */;
			productType = "com.apple.product-type.application";
		};
		1D20C18C264BA35600554B79 /* WatchOSCrossPlatform */ = {
			isa = PBXNativeTarget;
			buildConfigurationList = 1D20C1B3264BA35A00554B79 /* Build configuration list for PBXNativeTarget "WatchOSCrossPlatform" */;
			buildPhases = (
				1D20C18B264BA35600554B79 /* Resources */,
				1D20C1B2264BA35A00554B79 /* Embed App Extensions */,
			);
			buildRules = (
			);
			dependencies = (
				1D20C199264BA35900554B79 /* PBXTargetDependency */,
			);
			name = WatchOSCrossPlatform;
			productName = WatchOSCrossPlatform;
			productReference = 1D20C18D264BA35600554B79 /* WatchOSCrossPlatform.app */;
			productType = "com.apple.product-type.application.watchapp2";
		};
		1D20C195264BA35900554B79 /* WatchOSCrossPlatform Extension */ = {
			isa = PBXNativeTarget;
			buildConfigurationList = 1D20C1AF264BA35A00554B79 /* Build configuration list for PBXNativeTarget "WatchOSCrossPlatform Extension" */;
			buildPhases = (
				1D20C192264BA35900554B79 /* Sources */,
				1D20C193264BA35900554B79 /* Frameworks */,
				1D20C194264BA35900554B79 /* Resources */,
			);
			buildRules = (
			);
			dependencies = (
			);
			name = "WatchOSCrossPlatform Extension";
			productName = "WatchOSCrossPlatform Extension";
			productReference = 1D20C196264BA35900554B79 /* WatchOSCrossPlatform Extension.appex */;
			productType = "com.apple.product-type.watchkit2-extension";
		};
/* End PBXNativeTarget section */

/* Begin PBXProject section */
		1D20C156264B134200554B79 /* Project object */ = {
			isa = PBXProject;
			attributes = {
				LastSwiftUpdateCheck = 1250;
				LastUpgradeCheck = 1250;
				TargetAttributes = {
					1D20C161264B134300554B79 = {
						CreatedOnToolsVersion = 12.5;
					};
					1D20C169264B134300554B79 = {
						CreatedOnToolsVersion = 12.5;
					};
					1D20C18C264BA35600554B79 = {
						CreatedOnToolsVersion = 12.5;
					};
					1D20C195264BA35900554B79 = {
						CreatedOnToolsVersion = 12.5;
					};
				};
			};
			buildConfigurationList = 1D20C159264B134200554B79 /* Build configuration list for PBXProject "CrossPlatform" */;
			compatibilityVersion = "Xcode 9.3";
			developmentRegion = en;
			hasScannedForEncodings = 0;
			knownRegions = (
				en,
				Base,
			);
			mainGroup = 1D20C155264B134200554B79;
			productRefGroup = 1D20C163264B134300554B79 /* Products */;
			projectDirPath = "";
			projectRoot = "";
			targets = (
				1D20C161264B134300554B79 /* CrossPlatform (iOS) */,
				1D20C169264B134300554B79 /* CrossPlatform (macOS) */,
				1D20C18C264BA35600554B79 /* WatchOSCrossPlatform */,
				1D20C195264BA35900554B79 /* WatchOSCrossPlatform Extension */,
			);
		};
/* End PBXProject section */

/* Begin PBXResourcesBuildPhase section */
		1D20C160264B134300554B79 /* Resources */ = {
			isa = PBXResourcesBuildPhase;
			buildActionMask = 2147483647;
			files = (
				1D20C172264B134300554B79 /* Assets.xcassets in Resources */,
			);
			runOnlyForDeploymentPostprocessing = 0;
		};
		1D20C168264B134300554B79 /* Resources */ = {
			isa = PBXResourcesBuildPhase;
			buildActionMask = 2147483647;
			files = (
				1D20C173264B134300554B79 /* Assets.xcassets in Resources */,
			);
			runOnlyForDeploymentPostprocessing = 0;
		};
		1D20C18B264BA35600554B79 /* Resources */ = {
			isa = PBXResourcesBuildPhase;
			buildActionMask = 2147483647;
			files = (
				1D20C190264BA35900554B79 /* Assets.xcassets in Resources */,
			);
			runOnlyForDeploymentPostprocessing = 0;
		};
		1D20C194264BA35900554B79 /* Resources */ = {
			isa = PBXResourcesBuildPhase;
			buildActionMask = 2147483647;
			files = (
				1D20C1A9264BA35A00554B79 /* Preview Assets.xcassets in Resources */,
				1D20C1A6264BA35A00554B79 /* Assets.xcassets in Resources */,
			);
			runOnlyForDeploymentPostprocessing = 0;
		};
/* End PBXResourcesBuildPhase section */

/* Begin PBXSourcesBuildPhase section */
		1D20C15E264B134300554B79 /* Sources */ = {
			isa = PBXSourcesBuildPhase;
			buildActionMask = 2147483647;
			files = (
				1D20C170264B134300554B79 /* ContentView.swift in Sources */,
				1D20C16E264B134300554B79 /* CrossPlatformApp.swift in Sources */,
				1D20C17E264B139100554B79 /* Article.swift in Sources */,
				1D20C182264B14E200554B79 /* ArticleView.swift in Sources */,
				1D20C188264B18D600554B79 /* TabBarView.swift in Sources */,
				1D0D6245264BA6CA00875A98 /* SideBarView.swift in Sources */,
				1D20C185264B156900554B79 /* ArticlesListView.swift in Sources */,
			);
			runOnlyForDeploymentPostprocessing = 0;
		};
		1D20C166264B134300554B79 /* Sources */ = {
			isa = PBXSourcesBuildPhase;
			buildActionMask = 2147483647;
			files = (
				1D20C171264B134300554B79 /* ContentView.swift in Sources */,
				1D20C16F264B134300554B79 /* CrossPlatformApp.swift in Sources */,
				1D20C17F264B139100554B79 /* Article.swift in Sources */,
				1D20C18A264B934600554B79 /* SideBarView.swift in Sources */,
				1D20C183264B14E200554B79 /* ArticleView.swift in Sources */,
				1D20C186264B156900554B79 /* ArticlesListView.swift in Sources */,
			);
			runOnlyForDeploymentPostprocessing = 0;
		};
		1D20C192264BA35900554B79 /* Sources */ = {
			isa = PBXSourcesBuildPhase;
			buildActionMask = 2147483647;
			files = (
				1D20C1A0264BA35900554B79 /* NotificationController.swift in Sources */,
				1D20C1C0264BA61500554B79 /* TabBarView.swift in Sources */,
				1D20C19E264BA35900554B79 /* ContentView.swift in Sources */,
				1D20C1BD264BA59B00554B79 /* ArticleView.swift in Sources */,
				1D20C1A4264BA35900554B79 /* ComplicationController.swift in Sources */,
				1D20C1BF264BA5A600554B79 /* Article.swift in Sources */,
				1D20C19C264BA35900554B79 /* CrossPlatformApp.swift in Sources */,
				1D20C1A2264BA35900554B79 /* NotificationView.swift in Sources */,
				1D20C1BE264BA5A100554B79 /* ArticlesListView.swift in Sources */,
			);
			runOnlyForDeploymentPostprocessing = 0;
		};
/* End PBXSourcesBuildPhase section */

/* Begin PBXTargetDependency section */
		1D20C199264BA35900554B79 /* PBXTargetDependency */ = {
			isa = PBXTargetDependency;
			target = 1D20C195264BA35900554B79 /* WatchOSCrossPlatform Extension */;
			targetProxy = 1D20C198264BA35900554B79 /* PBXContainerItemProxy */;
		};
		1D20C1AD264BA35A00554B79 /* PBXTargetDependency */ = {
			isa = PBXTargetDependency;
			target = 1D20C18C264BA35600554B79 /* WatchOSCrossPlatform */;
			targetProxy = 1D20C1AC264BA35A00554B79 /* PBXContainerItemProxy */;
		};
/* End PBXTargetDependency section */

/* Begin XCBuildConfiguration section */
		1D20C174264B134300554B79 /* Debug */ = {
			isa = XCBuildConfiguration;
			buildSettings = {
				ALWAYS_SEARCH_USER_PATHS = NO;
				CLANG_ANALYZER_NONNULL = YES;
				CLANG_ANALYZER_NUMBER_OBJECT_CONVERSION = YES_AGGRESSIVE;
				CLANG_CXX_LANGUAGE_STANDARD = "gnu++14";
				CLANG_CXX_LIBRARY = "libc++";
				CLANG_ENABLE_MODULES = YES;
				CLANG_ENABLE_OBJC_ARC = YES;
				CLANG_ENABLE_OBJC_WEAK = YES;
				CLANG_WARN_BLOCK_CAPTURE_AUTORELEASING = YES;
				CLANG_WARN_BOOL_CONVERSION = YES;
				CLANG_WARN_COMMA = YES;
				CLANG_WARN_CONSTANT_CONVERSION = YES;
				CLANG_WARN_DEPRECATED_OBJC_IMPLEMENTATIONS = YES;
				CLANG_WARN_DIRECT_OBJC_ISA_USAGE = YES_ERROR;
				CLANG_WARN_DOCUMENTATION_COMMENTS = YES;
				CLANG_WARN_EMPTY_BODY = YES;
				CLANG_WARN_ENUM_CONVERSION = YES;
				CLANG_WARN_INFINITE_RECURSION = YES;
				CLANG_WARN_INT_CONVERSION = YES;
				CLANG_WARN_NON_LITERAL_NULL_CONVERSION = YES;
				CLANG_WARN_OBJC_IMPLICIT_RETAIN_SELF = YES;
				CLANG_WARN_OBJC_LITERAL_CONVERSION = YES;
				CLANG_WARN_OBJC_ROOT_CLASS = YES_ERROR;
				CLANG_WARN_QUOTED_INCLUDE_IN_FRAMEWORK_HEADER = YES;
				CLANG_WARN_RANGE_LOOP_ANALYSIS = YES;
				CLANG_WARN_STRICT_PROTOTYPES = YES;
				CLANG_WARN_SUSPICIOUS_MOVE = YES;
				CLANG_WARN_UNGUARDED_AVAILABILITY = YES_AGGRESSIVE;
				CLANG_WARN_UNREACHABLE_CODE = YES;
				CLANG_WARN__DUPLICATE_METHOD_MATCH = YES;
				COPY_PHASE_STRIP = NO;
				DEBUG_INFORMATION_FORMAT = dwarf;
				ENABLE_STRICT_OBJC_MSGSEND = YES;
				ENABLE_TESTABILITY = YES;
				GCC_C_LANGUAGE_STANDARD = gnu11;
				GCC_DYNAMIC_NO_PIC = NO;
				GCC_NO_COMMON_BLOCKS = YES;
				GCC_OPTIMIZATION_LEVEL = 0;
				GCC_PREPROCESSOR_DEFINITIONS = (
					"DEBUG=1",
					"$(inherited)",
				);
				GCC_WARN_64_TO_32_BIT_CONVERSION = YES;
				GCC_WARN_ABOUT_RETURN_TYPE = YES_ERROR;
				GCC_WARN_UNDECLARED_SELECTOR = YES;
				GCC_WARN_UNINITIALIZED_AUTOS = YES_AGGRESSIVE;
				GCC_WARN_UNUSED_FUNCTION = YES;
				GCC_WARN_UNUSED_VARIABLE = YES;
				MTL_ENABLE_DEBUG_INFO = INCLUDE_SOURCE;
				MTL_FAST_MATH = YES;
				ONLY_ACTIVE_ARCH = YES;
				SWIFT_ACTIVE_COMPILATION_CONDITIONS = DEBUG;
				SWIFT_OPTIMIZATION_LEVEL = "-Onone";
			};
			name = Debug;
		};
		1D20C175264B134300554B79 /* Release */ = {
			isa = XCBuildConfiguration;
			buildSettings = {
				ALWAYS_SEARCH_USER_PATHS = NO;
				CLANG_ANALYZER_NONNULL = YES;
				CLANG_ANALYZER_NUMBER_OBJECT_CONVERSION = YES_AGGRESSIVE;
				CLANG_CXX_LANGUAGE_STANDARD = "gnu++14";
				CLANG_CXX_LIBRARY = "libc++";
				CLANG_ENABLE_MODULES = YES;
				CLANG_ENABLE_OBJC_ARC = YES;
				CLANG_ENABLE_OBJC_WEAK = YES;
				CLANG_WARN_BLOCK_CAPTURE_AUTORELEASING = YES;
				CLANG_WARN_BOOL_CONVERSION = YES;
				CLANG_WARN_COMMA = YES;
				CLANG_WARN_CONSTANT_CONVERSION = YES;
				CLANG_WARN_DEPRECATED_OBJC_IMPLEMENTATIONS = YES;
				CLANG_WARN_DIRECT_OBJC_ISA_USAGE = YES_ERROR;
				CLANG_WARN_DOCUMENTATION_COMMENTS = YES;
				CLANG_WARN_EMPTY_BODY = YES;
				CLANG_WARN_ENUM_CONVERSION = YES;
				CLANG_WARN_INFINITE_RECURSION = YES;
				CLANG_WARN_INT_CONVERSION = YES;
				CLANG_WARN_NON_LITERAL_NULL_CONVERSION = YES;
				CLANG_WARN_OBJC_IMPLICIT_RETAIN_SELF = YES;
				CLANG_WARN_OBJC_LITERAL_CONVERSION = YES;
				CLANG_WARN_OBJC_ROOT_CLASS = YES_ERROR;
				CLANG_WARN_QUOTED_INCLUDE_IN_FRAMEWORK_HEADER = YES;
				CLANG_WARN_RANGE_LOOP_ANALYSIS = YES;
				CLANG_WARN_STRICT_PROTOTYPES = YES;
				CLANG_WARN_SUSPICIOUS_MOVE = YES;
				CLANG_WARN_UNGUARDED_AVAILABILITY = YES_AGGRESSIVE;
				CLANG_WARN_UNREACHABLE_CODE = YES;
				CLANG_WARN__DUPLICATE_METHOD_MATCH = YES;
				COPY_PHASE_STRIP = NO;
				DEBUG_INFORMATION_FORMAT = "dwarf-with-dsym";
				ENABLE_NS_ASSERTIONS = NO;
				ENABLE_STRICT_OBJC_MSGSEND = YES;
				GCC_C_LANGUAGE_STANDARD = gnu11;
				GCC_NO_COMMON_BLOCKS = YES;
				GCC_WARN_64_TO_32_BIT_CONVERSION = YES;
				GCC_WARN_ABOUT_RETURN_TYPE = YES_ERROR;
				GCC_WARN_UNDECLARED_SELECTOR = YES;
				GCC_WARN_UNINITIALIZED_AUTOS = YES_AGGRESSIVE;
				GCC_WARN_UNUSED_FUNCTION = YES;
				GCC_WARN_UNUSED_VARIABLE = YES;
				MTL_ENABLE_DEBUG_INFO = NO;
				MTL_FAST_MATH = YES;
				SWIFT_COMPILATION_MODE = wholemodule;
				SWIFT_OPTIMIZATION_LEVEL = "-O";
			};
			name = Release;
		};
		1D20C177264B134300554B79 /* Debug */ = {
			isa = XCBuildConfiguration;
			buildSettings = {
				ASSETCATALOG_COMPILER_APPICON_NAME = AppIcon;
				ASSETCATALOG_COMPILER_GLOBAL_ACCENT_COLOR_NAME = AccentColor;
				CODE_SIGN_STYLE = Automatic;
				ENABLE_PREVIEWS = YES;
				INFOPLIST_FILE = iOS/Info.plist;
				IPHONEOS_DEPLOYMENT_TARGET = 14.0;
				LD_RUNPATH_SEARCH_PATHS = (
					"$(inherited)",
					"@executable_path/Frameworks",
				);
				PRODUCT_BUNDLE_IDENTIFIER = com.ri.CrossPlatform;
				PRODUCT_NAME = CrossPlatform;
				SDKROOT = iphoneos;
				SWIFT_VERSION = 5.0;
				TARGETED_DEVICE_FAMILY = "1,2";
			};
			name = Debug;
		};
		1D20C178264B134300554B79 /* Release */ = {
			isa = XCBuildConfiguration;
			buildSettings = {
				ASSETCATALOG_COMPILER_APPICON_NAME = AppIcon;
				ASSETCATALOG_COMPILER_GLOBAL_ACCENT_COLOR_NAME = AccentColor;
				CODE_SIGN_STYLE = Automatic;
				ENABLE_PREVIEWS = YES;
				INFOPLIST_FILE = iOS/Info.plist;
				IPHONEOS_DEPLOYMENT_TARGET = 14.0;
				LD_RUNPATH_SEARCH_PATHS = (
					"$(inherited)",
					"@executable_path/Frameworks",
				);
				PRODUCT_BUNDLE_IDENTIFIER = com.ri.CrossPlatform;
				PRODUCT_NAME = CrossPlatform;
				SDKROOT = iphoneos;
				SWIFT_VERSION = 5.0;
				TARGETED_DEVICE_FAMILY = "1,2";
				VALIDATE_PRODUCT = YES;
			};
			name = Release;
		};
		1D20C17A264B134300554B79 /* Debug */ = {
			isa = XCBuildConfiguration;
			buildSettings = {
				ASSETCATALOG_COMPILER_APPICON_NAME = AppIcon;
				ASSETCATALOG_COMPILER_GLOBAL_ACCENT_COLOR_NAME = AccentColor;
				CODE_SIGN_ENTITLEMENTS = macOS/macOS.entitlements;
				CODE_SIGN_STYLE = Automatic;
				COMBINE_HIDPI_IMAGES = YES;
				ENABLE_PREVIEWS = YES;
				INFOPLIST_FILE = macOS/Info.plist;
				LD_RUNPATH_SEARCH_PATHS = (
					"$(inherited)",
					"@executable_path/../Frameworks",
				);
				MACOSX_DEPLOYMENT_TARGET = 11.0;
				PRODUCT_BUNDLE_IDENTIFIER = com.ri.CrossPlatform;
				PRODUCT_NAME = CrossPlatform;
				SDKROOT = macosx;
				SWIFT_VERSION = 5.0;
			};
			name = Debug;
		};
		1D20C17B264B134300554B79 /* Release */ = {
			isa = XCBuildConfiguration;
			buildSettings = {
				ASSETCATALOG_COMPILER_APPICON_NAME = AppIcon;
				ASSETCATALOG_COMPILER_GLOBAL_ACCENT_COLOR_NAME = AccentColor;
				CODE_SIGN_ENTITLEMENTS = macOS/macOS.entitlements;
				CODE_SIGN_STYLE = Automatic;
				COMBINE_HIDPI_IMAGES = YES;
				ENABLE_PREVIEWS = YES;
				INFOPLIST_FILE = macOS/Info.plist;
				LD_RUNPATH_SEARCH_PATHS = (
					"$(inherited)",
					"@executable_path/../Frameworks",
				);
				MACOSX_DEPLOYMENT_TARGET = 11.0;
				PRODUCT_BUNDLE_IDENTIFIER = com.ri.CrossPlatform;
				PRODUCT_NAME = CrossPlatform;
				SDKROOT = macosx;
				SWIFT_VERSION = 5.0;
			};
			name = Release;
		};
		1D20C1B0264BA35A00554B79 /* Debug */ = {
			isa = XCBuildConfiguration;
			buildSettings = {
				ASSETCATALOG_COMPILER_COMPLICATION_NAME = Complication;
				CODE_SIGN_STYLE = Automatic;
				DEVELOPMENT_ASSET_PATHS = "\"WatchOSCrossPlatform Extension/Preview Content\"";
				ENABLE_PREVIEWS = YES;
				INFOPLIST_FILE = "WatchOSCrossPlatform Extension/Info.plist";
				LD_RUNPATH_SEARCH_PATHS = (
					"$(inherited)",
					"@executable_path/Frameworks",
					"@executable_path/../../Frameworks",
				);
				PRODUCT_BUNDLE_IDENTIFIER = com.ri.CrossPlatform.watchkitapp.watchkitextension;
				PRODUCT_NAME = "${TARGET_NAME}";
				SDKROOT = watchos;
				SKIP_INSTALL = YES;
				SWIFT_VERSION = 5.0;
				TARGETED_DEVICE_FAMILY = 4;
				WATCHOS_DEPLOYMENT_TARGET = 7.4;
			};
			name = Debug;
		};
		1D20C1B1264BA35A00554B79 /* Release */ = {
			isa = XCBuildConfiguration;
			buildSettings = {
				ASSETCATALOG_COMPILER_COMPLICATION_NAME = Complication;
				CODE_SIGN_STYLE = Automatic;
				DEVELOPMENT_ASSET_PATHS = "\"WatchOSCrossPlatform Extension/Preview Content\"";
				ENABLE_PREVIEWS = YES;
				INFOPLIST_FILE = "WatchOSCrossPlatform Extension/Info.plist";
				LD_RUNPATH_SEARCH_PATHS = (
					"$(inherited)",
					"@executable_path/Frameworks",
					"@executable_path/../../Frameworks",
				);
				PRODUCT_BUNDLE_IDENTIFIER = com.ri.CrossPlatform.watchkitapp.watchkitextension;
				PRODUCT_NAME = "${TARGET_NAME}";
				SDKROOT = watchos;
				SKIP_INSTALL = YES;
				SWIFT_VERSION = 5.0;
				TARGETED_DEVICE_FAMILY = 4;
				VALIDATE_PRODUCT = YES;
				WATCHOS_DEPLOYMENT_TARGET = 7.4;
			};
			name = Release;
		};
		1D20C1B4264BA35A00554B79 /* Debug */ = {
			isa = XCBuildConfiguration;
			buildSettings = {
				ALWAYS_EMBED_SWIFT_STANDARD_LIBRARIES = YES;
				ASSETCATALOG_COMPILER_APPICON_NAME = AppIcon;
				ASSETCATALOG_COMPILER_GLOBAL_ACCENT_COLOR_NAME = AccentColor;
				CODE_SIGN_STYLE = Automatic;
				IBSC_MODULE = WatchOSCrossPlatform_Extension;
				INFOPLIST_FILE = WatchOSCrossPlatform/Info.plist;
				PRODUCT_BUNDLE_IDENTIFIER = com.ri.CrossPlatform.watchkitapp;
				PRODUCT_NAME = "$(TARGET_NAME)";
				SDKROOT = watchos;
				SKIP_INSTALL = YES;
				SWIFT_VERSION = 5.0;
				TARGETED_DEVICE_FAMILY = 4;
				WATCHOS_DEPLOYMENT_TARGET = 7.4;
			};
			name = Debug;
		};
		1D20C1B5264BA35A00554B79 /* Release */ = {
			isa = XCBuildConfiguration;
			buildSettings = {
				ALWAYS_EMBED_SWIFT_STANDARD_LIBRARIES = YES;
				ASSETCATALOG_COMPILER_APPICON_NAME = AppIcon;
				ASSETCATALOG_COMPILER_GLOBAL_ACCENT_COLOR_NAME = AccentColor;
				CODE_SIGN_STYLE = Automatic;
				IBSC_MODULE = WatchOSCrossPlatform_Extension;
				INFOPLIST_FILE = WatchOSCrossPlatform/Info.plist;
				PRODUCT_BUNDLE_IDENTIFIER = com.ri.CrossPlatform.watchkitapp;
				PRODUCT_NAME = "$(TARGET_NAME)";
				SDKROOT = watchos;
				SKIP_INSTALL = YES;
				SWIFT_VERSION = 5.0;
				TARGETED_DEVICE_FAMILY = 4;
				VALIDATE_PRODUCT = YES;
				WATCHOS_DEPLOYMENT_TARGET = 7.4;
			};
			name = Release;
		};
/* End XCBuildConfiguration section */

/* Begin XCConfigurationList section */
		1D20C159264B134200554B79 /* Build configuration list for PBXProject "CrossPlatform" */ = {
			isa = XCConfigurationList;
			buildConfigurations = (
				1D20C174264B134300554B79 /* Debug */,
				1D20C175264B134300554B79 /* Release */,
			);
			defaultConfigurationIsVisible = 0;
			defaultConfigurationName = Release;
		};
		1D20C176264B134300554B79 /* Build configuration list for PBXNativeTarget "CrossPlatform (iOS)" */ = {
			isa = XCConfigurationList;
			buildConfigurations = (
				1D20C177264B134300554B79 /* Debug */,
				1D20C178264B134300554B79 /* Release */,
			);
			defaultConfigurationIsVisible = 0;
			defaultConfigurationName = Release;
		};
		1D20C179264B134300554B79 /* Build configuration list for PBXNativeTarget "CrossPlatform (macOS)" */ = {
			isa = XCConfigurationList;
			buildConfigurations = (
				1D20C17A264B134300554B79 /* Debug */,
				1D20C17B264B134300554B79 /* Release */,
			);
			defaultConfigurationIsVisible = 0;
			defaultConfigurationName = Release;
		};
		1D20C1AF264BA35A00554B79 /* Build configuration list for PBXNativeTarget "WatchOSCrossPlatform Extension" */ = {
			isa = XCConfigurationList;
			buildConfigurations = (
				1D20C1B0264BA35A00554B79 /* Debug */,
				1D20C1B1264BA35A00554B79 /* Release */,
			);
			defaultConfigurationIsVisible = 0;
			defaultConfigurationName = Release;
		};
		1D20C1B3264BA35A00554B79 /* Build configuration list for PBXNativeTarget "WatchOSCrossPlatform" */ = {
			isa = XCConfigurationList;
			buildConfigurations = (
				1D20C1B4264BA35A00554B79 /* Debug */,
				1D20C1B5264BA35A00554B79 /* Release */,
			);
			defaultConfigurationIsVisible = 0;
			defaultConfigurationName = Release;
		};
/* End XCConfigurationList section */
	};
	rootObject = 1D20C156264B134200554B79 /* Project object */;
}
